// !$*UTF8*$!
{
	archiveVersion = 1;
	classes = {
	};
	objectVersion = 77;
	objects = {

/* Begin PBXBuildFile section */
		001B1B822FAB66870058C2FB /* BeanSavingsUITests.swift in Sources */ = {isa = PBXBuildFile; fileRef = 001B1B7F2FAB66870058C2FB /* BeanSavingsUITests.swift */; };
		001B1B832FAB66870058C2FB /* BeanSavingsUITestsLaunchTests.swift in Sources */ = {isa = PBXBuildFile; fileRef = 001B1B802FAB66870058C2FB /* BeanSavingsUITestsLaunchTests.swift */; };
		001B1B862FAB66870058C2FB /* BeanSavingsTests.swift in Sources */ = {isa = PBXBuildFile; fileRef = 001B1B842FAB66870058C2FB /* BeanSavingsTests.swift */; };
		001B1BCB2FAB66B50058C2FB /* AppDelegate.swift in Sources */ = {isa = PBXBuildFile; fileRef = 001B1BBF2FAB66B50058C2FB /* AppDelegate.swift */; };
		001B1BCC2FAB66B50058C2FB /* BeanSavings.xcdatamodeld in Sources */ = {isa = PBXBuildFile; fileRef = 001B1BC12FAB66B50058C2FB /* BeanSavings.xcdatamodeld */; };
		001B1BCD2FAB66B50058C2FB /* SceneDelegate.swift in Sources */ = {isa = PBXBuildFile; fileRef = 001B1BC72FAB66B50058C2FB /* SceneDelegate.swift */; };
		001B1BCF2FAB66B50058C2FB /* Assets.xcassets in Resources */ = {isa = PBXBuildFile; fileRef = 001B1BC02FAB66B50058C2FB /* Assets.xcassets */; };
		001B1BD12FAB66B50058C2FB /* LaunchScreen.storyboard in Resources */ = {isa = PBXBuildFile; fileRef = 001B1BC42FAB66B50058C2FB /* LaunchScreen.storyboard */; };
		001B1BD22FAB66B50058C2FB /* Main.storyboard in Resources */ = {isa = PBXBuildFile; fileRef = 001B1BC62FAB66B50058C2FB /* Main.storyboard */; };
		001B1BD92FAB671B0058C2FB /* FadedImage.swift in Sources */ = {isa = PBXBuildFile; fileRef = 001B1BD32FAB671B0058C2FB /* FadedImage.swift */; };
		001B1BDA2FAB671B0058C2FB /* Constants.swift in Sources */ = {isa = PBXBuildFile; fileRef = 001B1BD52FAB671B0058C2FB /* Constants.swift */; };
		001B1BDB2FAB671B0058C2FB /* CompositionalLayout.swift in Sources */ = {isa = PBXBuildFile; fileRef = 001B1BD72FAB671B0058C2FB /* CompositionalLayout.swift */; };
		001B1BDC2FAB671B0058C2FB /* DesignableView.swift in Sources */ = {isa = PBXBuildFile; fileRef = 001B1BD62FAB671B0058C2FB /* DesignableView.swift */; };
		001B1BDD2FAB671B0058C2FB /* ColorExtensions.swift in Sources */ = {isa = PBXBuildFile; fileRef = 001B1BD42FAB671B0058C2FB /* ColorExtensions.swift */; };
		001B1BEF2FAB67B50058C2FB /* Home+TableView.swift in Sources */ = {isa = PBXBuildFile; fileRef = 001B1BEA2FAB67B50058C2FB /* Home+TableView.swift */; };
		001B1BF12FAB67B50058C2FB /* HomeVC.swift in Sources */ = {isa = PBXBuildFile; fileRef = 001B1BE92FAB67B50058C2FB /* HomeVC.swift */; };
		001B1BF82FAB68E20058C2FB /* FamilyRowTVuCell.swift in Sources */ = {isa = PBXBuildFile; fileRef = 001B1BF62FAB68E20058C2FB /* FamilyRowTVuCell.swift */; };
		001B1BF92FAB68E20058C2FB /* FamilyRowTVuCell.xib in Resources */ = {isa = PBXBuildFile; fileRef = 001B1BF72FAB68E20058C2FB /* FamilyRowTVuCell.xib */; };
		001B1BFC2FAB696D0058C2FB /* FamilyCVuCell.swift in Sources */ = {isa = PBXBuildFile; fileRef = 001B1BFA2FAB696D0058C2FB /* FamilyCVuCell.swift */; };
		001B1BFD2FAB696D0058C2FB /* FamilyCVuCell.xib in Resources */ = {isa = PBXBuildFile; fileRef = 001B1BFB2FAB696D0058C2FB /* FamilyCVuCell.xib */; };
		006DCCEB2FAD9ED8001D74E1 /* SuggestionRowTVuCell.xib in Resources */ = {isa = PBXBuildFile; fileRef = 006DCCEA2FAD9ED8001D74E1 /* SuggestionRowTVuCell.xib */; };
		006DCCEC2FAD9ED8001D74E1 /* SuggestionRowTVuCell.swift in Sources */ = {isa = PBXBuildFile; fileRef = 006DCCE92FAD9ED8001D74E1 /* SuggestionRowTVuCell.swift */; };
		006DCCEF2FADA006001D74E1 /* SuggestionCVuCell.swift in Sources */ = {isa = PBXBuildFile; fileRef = 006DCCED2FADA006001D74E1 /* SuggestionCVuCell.swift */; };
		006DCCF02FADA006001D74E1 /* SuggestionCVuCell.xib in Resources */ = {isa = PBXBuildFile; fileRef = 006DCCEE2FADA006001D74E1 /* SuggestionCVuCell.xib */; };
		006DCCF32FADA280001D74E1 /* MessagesRowTVuCell.xib in Resources */ = {isa = PBXBuildFile; fileRef = 006DCCF22FADA280001D74E1 /* MessagesRowTVuCell.xib */; };
		006DCCF42FADA280001D74E1 /* MessagesRowTVuCell.swift in Sources */ = {isa = PBXBuildFile; fileRef = 006DCCF12FADA280001D74E1 /* MessagesRowTVuCell.swift */; };
		006DCCF72FADA3B8001D74E1 /* MessageCVuCell.xib in Resources */ = {isa = PBXBuildFile; fileRef = 006DCCF62FADA3B8001D74E1 /* MessageCVuCell.xib */; };
		006DCCF82FADA3B8001D74E1 /* MessageCVuCell.swift in Sources */ = {isa = PBXBuildFile; fileRef = 006DCCF52FADA3B8001D74E1 /* MessageCVuCell.swift */; };
		006DCCFB2FADAFF3001D74E1 /* OffersRowTVuCell.swift in Sources */ = {isa = PBXBuildFile; fileRef = 006DCCF92FADAFF3001D74E1 /* OffersRowTVuCell.swift */; };
		006DCCFC2FADAFF3001D74E1 /* OffersRowTVuCell.xib in Resources */ = {isa = PBXBuildFile; fileRef = 006DCCFA2FADAFF3001D74E1 /* OffersRowTVuCell.xib */; };
		006DCCFF2FADB0A1001D74E1 /* OfferCVuCell.swift in Sources */ = {isa = PBXBuildFile; fileRef = 006DCCFD2FADB0A1001D74E1 /* OfferCVuCell.swift */; };
		006DCD002FADB0A1001D74E1 /* OfferCVuCell.xib in Resources */ = {isa = PBXBuildFile; fileRef = 006DCCFE2FADB0A1001D74E1 /* OfferCVuCell.xib */; };
/* End PBXBuildFile section */

/* Begin PBXContainerItemProxy section */
		001B1B622FAB66660058C2FB /* PBXContainerItemProxy */ = {
			isa = PBXContainerItemProxy;
			containerPortal = 001B1B402FAB66630058C2FB /* Project object */;
			proxyType = 1;
			remoteGlobalIDString = 001B1B472FAB66630058C2FB;
			remoteInfo = BeanSavings;
		};
		001B1B6C2FAB66660058C2FB /* PBXContainerItemProxy */ = {
			isa = PBXContainerItemProxy;
			containerPortal = 001B1B402FAB66630058C2FB /* Project object */;
			proxyType = 1;
			remoteGlobalIDString = 001B1B472FAB66630058C2FB;
			remoteInfo = BeanSavings;
		};
/* End PBXContainerItemProxy section */

/* Begin PBXFileReference section */
		001B1B482FAB66630058C2FB /* BeanSavings.app */ = {isa = PBXFileReference; explicitFileType = wrapper.application; includeInIndex = 0; path = BeanSavings.app; sourceTree = BUILT_PRODUCTS_DIR; };
		001B1B612FAB66660058C2FB /* BeanSavingsTests.xctest */ = {isa = PBXFileReference; explicitFileType = wrapper.cfbundle; includeInIndex = 0; path = BeanSavingsTests.xctest; sourceTree = BUILT_PRODUCTS_DIR; };
		001B1B6B2FAB66660058C2FB /* BeanSavingsUITests.xctest */ = {isa = PBXFileReference; explicitFileType = wrapper.cfbundle; includeInIndex = 0; path = BeanSavingsUITests.xctest; sourceTree = BUILT_PRODUCTS_DIR; };
		001B1B7F2FAB66870058C2FB /* BeanSavingsUITests.swift */ = {isa = PBXFileReference; lastKnownFileType = sourcecode.swift; path = BeanSavingsUITests.swift; sourceTree = "<group>"; };
		001B1B802FAB66870058C2FB /* BeanSavingsUITestsLaunchTests.swift */ = {isa = PBXFileReference; lastKnownFileType = sourcecode.swift; path = BeanSavingsUITestsLaunchTests.swift; sourceTree = "<group>"; };
		001B1B842FAB66870058C2FB /* BeanSavingsTests.swift */ = {isa = PBXFileReference; lastKnownFileType = sourcecode.swift; path = BeanSavingsTests.swift; sourceTree = "<group>"; };
		001B1BBF2FAB66B50058C2FB /* AppDelegate.swift */ = {isa = PBXFileReference; lastKnownFileType = sourcecode.swift; path = AppDelegate.swift; sourceTree = "<group>"; };
		001B1BC02FAB66B50058C2FB /* Assets.xcassets */ = {isa = PBXFileReference; lastKnownFileType = folder.assetcatalog; path = Assets.xcassets; sourceTree = "<group>"; };
		001B1BC22FAB66B50058C2FB /* Info.plist */ = {isa = PBXFileReference; lastKnownFileType = text.plist.xml; path = Info.plist; sourceTree = "<group>"; };
		001B1BC32FAB66B50058C2FB /* Base */ = {isa = PBXFileReference; lastKnownFileType = file.storyboard; name = Base; path = Base.lproj/LaunchScreen.storyboard; sourceTree = "<group>"; };
		001B1BC52FAB66B50058C2FB /* Base */ = {isa = PBXFileReference; lastKnownFileType = file.storyboard; name = Base; path = Base.lproj/Main.storyboard; sourceTree = "<group>"; };
		001B1BC72FAB66B50058C2FB /* SceneDelegate.swift */ = {isa = PBXFileReference; lastKnownFileType = sourcecode.swift; path = SceneDelegate.swift; sourceTree = "<group>"; };
		001B1BCA2FAB66B50058C2FB /* BeanSavings.xcdatamodel */ = {isa = PBXFileReference; lastKnownFileType = wrapper.xcdatamodel; path = BeanSavings.xcdatamodel; sourceTree = "<group>"; };
		001B1BD32FAB671B0058C2FB /* FadedImage.swift */ = {isa = PBXFileReference; lastKnownFileType = sourcecode.swift; path = FadedImage.swift; sourceTree = "<group>"; };
		001B1BD42FAB671B0058C2FB /* ColorExtensions.swift */ = {isa = PBXFileReference; lastKnownFileType = sourcecode.swift; path = ColorExtensions.swift; sourceTree = "<group>"; };
		001B1BD52FAB671B0058C2FB /* Constants.swift */ = {isa = PBXFileReference; lastKnownFileType = sourcecode.swift; path = Constants.swift; sourceTree = "<group>"; };
		001B1BD62FAB671B0058C2FB /* DesignableView.swift */ = {isa = PBXFileReference; lastKnownFileType = sourcecode.swift; path = DesignableView.swift; sourceTree = "<group>"; };
		001B1BD72FAB671B0058C2FB /* CompositionalLayout.swift */ = {isa = PBXFileReference; lastKnownFileType = sourcecode.swift; path = CompositionalLayout.swift; sourceTree = "<group>"; };
		001B1BE92FAB67B50058C2FB /* HomeVC.swift */ = {isa = PBXFileReference; lastKnownFileType = sourcecode.swift; path = HomeVC.swift; sourceTree = "<group>"; };
		001B1BEA2FAB67B50058C2FB /* Home+TableView.swift */ = {isa = PBXFileReference; lastKnownFileType = sourcecode.swift; path = "Home+TableView.swift"; sourceTree = "<group>"; };
		001B1BF62FAB68E20058C2FB /* FamilyRowTVuCell.swift */ = {isa = PBXFileReference; lastKnownFileType = sourcecode.swift; path = FamilyRowTVuCell.swift; sourceTree = "<group>"; };
		001B1BF72FAB68E20058C2FB /* FamilyRowTVuCell.xib */ = {isa = PBXFileReference; lastKnownFileType = file.xib; path = FamilyRowTVuCell.xib; sourceTree = "<group>"; };
		001B1BFA2FAB696D0058C2FB /* FamilyCVuCell.swift */ = {isa = PBXFileReference; lastKnownFileType = sourcecode.swift; path = FamilyCVuCell.swift; sourceTree = "<group>"; };
		001B1BFB2FAB696D0058C2FB /* FamilyCVuCell.xib */ = {isa = PBXFileReference; lastKnownFileType = file.xib; path = FamilyCVuCell.xib; sourceTree = "<group>"; };
		006DCCE92FAD9ED8001D74E1 /* SuggestionRowTVuCell.swift */ = {isa = PBXFileReference; lastKnownFileType = sourcecode.swift; path = SuggestionRowTVuCell.swift; sourceTree = "<group>"; };
		006DCCEA2FAD9ED8001D74E1 /* SuggestionRowTVuCell.xib */ = {isa = PBXFileReference; lastKnownFileType = file.xib; path = SuggestionRowTVuCell.xib; sourceTree = "<group>"; };
		006DCCED2FADA006001D74E1 /* SuggestionCVuCell.swift */ = {isa = PBXFileReference; lastKnownFileType = sourcecode.swift; path = SuggestionCVuCell.swift; sourceTree = "<group>"; };
		006DCCEE2FADA006001D74E1 /* SuggestionCVuCell.xib */ = {isa = PBXFileReference; lastKnownFileType = file.xib; path = SuggestionCVuCell.xib; sourceTree = "<group>"; };
		006DCCF12FADA280001D74E1 /* MessagesRowTVuCell.swift */ = {isa = PBXFileReference; lastKnownFileType = sourcecode.swift; path = MessagesRowTVuCell.swift; sourceTree = "<group>"; };
		006DCCF22FADA280001D74E1 /* MessagesRowTVuCell.xib */ = {isa = PBXFileReference; lastKnownFileType = file.xib; path = MessagesRowTVuCell.xib; sourceTree = "<group>"; };
		006DCCF52FADA3B8001D74E1 /* MessageCVuCell.swift */ = {isa = PBXFileReference; lastKnownFileType = sourcecode.swift; path = MessageCVuCell.swift; sourceTree = "<group>"; };
		006DCCF62FADA3B8001D74E1 /* MessageCVuCell.xib */ = {isa = PBXFileReference; lastKnownFileType = file.xib; path = MessageCVuCell.xib; sourceTree = "<group>"; };
		006DCCF92FADAFF3001D74E1 /* OffersRowTVuCell.swift */ = {isa = PBXFileReference; lastKnownFileType = sourcecode.swift; path = OffersRowTVuCell.swift; sourceTree = "<group>"; };
		006DCCFA2FADAFF3001D74E1 /* OffersRowTVuCell.xib */ = {isa = PBXFileReference; lastKnownFileType = file.xib; path = OffersRowTVuCell.xib; sourceTree = "<group>"; };
		006DCCFD2FADB0A1001D74E1 /* OfferCVuCell.swift */ = {isa = PBXFileReference; lastKnownFileType = sourcecode.swift; path = OfferCVuCell.swift; sourceTree = "<group>"; };
		006DCCFE2FADB0A1001D74E1 /* OfferCVuCell.xib */ = {isa = PBXFileReference; lastKnownFileType = file.xib; path = OfferCVuCell.xib; sourceTree = "<group>"; };
/* End PBXFileReference section */

/* Begin PBXFrameworksBuildPhase section */
		001B1B452FAB66630058C2FB /* Frameworks */ = {
			isa = PBXFrameworksBuildPhase;
			buildActionMask = 2147483647;
			files = (
			);
			runOnlyForDeploymentPostprocessing = 0;
		};
		001B1B5E2FAB66660058C2FB /* Frameworks */ = {
			isa = PBXFrameworksBuildPhase;
			buildActionMask = 2147483647;
			files = (
			);
			runOnlyForDeploymentPostprocessing = 0;
		};
		001B1B682FAB66660058C2FB /* Frameworks */ = {
			isa = PBXFrameworksBuildPhase;
			buildActionMask = 2147483647;
			files = (
			);
			runOnlyForDeploymentPostprocessing = 0;
		};
/* End PBXFrameworksBuildPhase section */

/* Begin PBXGroup section */
		001B1B3F2FAB66630058C2FB = {
			isa = PBXGroup;
			children = (
				001B1BC92FAB66B50058C2FB /* BeanSavings */,
				001B1B852FAB66870058C2FB /* BeanSavingsTests */,
				001B1B812FAB66870058C2FB /* BeanSavingsUITests */,
				001B1B492FAB66630058C2FB /* Products */,
			);
			sourceTree = "<group>";
		};
		001B1B492FAB66630058C2FB /* Products */ = {
			isa = PBXGroup;
			children = (
				001B1B482FAB66630058C2FB /* BeanSavings.app */,
				001B1B612FAB66660058C2FB /* BeanSavingsTests.xctest */,
				001B1B6B2FAB66660058C2FB /* BeanSavingsUITests.xctest */,
			);
			name = Products;
			sourceTree = "<group>";
		};
		001B1B812FAB66870058C2FB /* BeanSavingsUITests */ = {
			isa = PBXGroup;
			children = (
				001B1B7F2FAB66870058C2FB /* BeanSavingsUITests.swift */,
				001B1B802FAB66870058C2FB /* BeanSavingsUITestsLaunchTests.swift */,
			);
			path = BeanSavingsUITests;
			sourceTree = "<group>";
		};
		001B1B852FAB66870058C2FB /* BeanSavingsTests */ = {
			isa = PBXGroup;
			children = (
				001B1B842FAB66870058C2FB /* BeanSavingsTests.swift */,
			);
			path = BeanSavingsTests;
			sourceTree = "<group>";
		};
		001B1BBA2FAB66B50058C2FB /* App Delegate */ = {
			isa = PBXGroup;
			children = (
				001B1BC72FAB66B50058C2FB /* SceneDelegate.swift */,
				001B1BBF2FAB66B50058C2FB /* AppDelegate.swift */,
			);
			path = "App Delegate";
			sourceTree = "<group>";
		};
		001B1BBB2FAB66B50058C2FB /* Controllers */ = {
			isa = PBXGroup;
			children = (
				001B1BEB2FAB67B50058C2FB /* Home */,
			);
			path = Controllers;
			sourceTree = "<group>";
		};
		001B1BBC2FAB66B50058C2FB /* Assets */ = {
			isa = PBXGroup;
			children = (
				001B1BC02FAB66B50058C2FB /* Assets.xcassets */,
			);
			path = Assets;
			sourceTree = "<group>";
		};
		001B1BBD2FAB66B50058C2FB /* Storyboard */ = {
			isa = PBXGroup;
			children = (
				001B1BC42FAB66B50058C2FB /* LaunchScreen.storyboard */,
				001B1BC62FAB66B50058C2FB /* Main.storyboard */,
			);
			path = Storyboard;
			sourceTree = "<group>";
		};
		001B1BBE2FAB66B50058C2FB /* Views */ = {
			isa = PBXGroup;
			children = (
				001B1BBC2FAB66B50058C2FB /* Assets */,
				001B1BBD2FAB66B50058C2FB /* Storyboard */,
			);
			path = Views;
			sourceTree = "<group>";
		};
		001B1BC92FAB66B50058C2FB /* BeanSavings */ = {
			isa = PBXGroup;
			children = (
				001B1BBA2FAB66B50058C2FB /* App Delegate */,
				001B1BD82FAB671B0058C2FB /* Globals */,
				001B1BBE2FAB66B50058C2FB /* Views */,
				001B1BBB2FAB66B50058C2FB /* Controllers */,
				001B1BC12FAB66B50058C2FB /* BeanSavings.xcdatamodeld */,
				001B1BC22FAB66B50058C2FB /* Info.plist */,
			);
			path = BeanSavings;
			sourceTree = "<group>";
		};
		001B1BD82FAB671B0058C2FB /* Globals */ = {
			isa = PBXGroup;
			children = (
				001B1BD32FAB671B0058C2FB /* FadedImage.swift */,
				001B1BD42FAB671B0058C2FB /* ColorExtensions.swift */,
				001B1BD52FAB671B0058C2FB /* Constants.swift */,
				001B1BD62FAB671B0058C2FB /* DesignableView.swift */,
				001B1BD72FAB671B0058C2FB /* CompositionalLayout.swift */,
			);
			path = Globals;
			sourceTree = "<group>";
		};
		001B1BE02FAB67B50058C2FB /* Collection Cells */ = {
			isa = PBXGroup;
			children = (
				001B1BFA2FAB696D0058C2FB /* FamilyCVuCell.swift */,
				001B1BFB2FAB696D0058C2FB /* FamilyCVuCell.xib */,
				006DCCED2FADA006001D74E1 /* SuggestionCVuCell.swift */,
				006DCCEE2FADA006001D74E1 /* SuggestionCVuCell.xib */,
				006DCCF52FADA3B8001D74E1 /* MessageCVuCell.swift */,
				006DCCF62FADA3B8001D74E1 /* MessageCVuCell.xib */,
				006DCCFD2FADB0A1001D74E1 /* OfferCVuCell.swift */,
				006DCCFE2FADB0A1001D74E1 /* OfferCVuCell.xib */,
			);
			path = "Collection Cells";
			sourceTree = "<group>";
		};
		001B1BE72FAB67B50058C2FB /* Table Cells */ = {
			isa = PBXGroup;
			children = (
				001B1BF62FAB68E20058C2FB /* FamilyRowTVuCell.swift */,
				001B1BF72FAB68E20058C2FB /* FamilyRowTVuCell.xib */,
				006DCCE92FAD9ED8001D74E1 /* SuggestionRowTVuCell.swift */,
				006DCCEA2FAD9ED8001D74E1 /* SuggestionRowTVuCell.xib */,
				006DCCF12FADA280001D74E1 /* MessagesRowTVuCell.swift */,
				006DCCF22FADA280001D74E1 /* MessagesRowTVuCell.xib */,
				006DCCF92FADAFF3001D74E1 /* OffersRowTVuCell.swift */,
				006DCCFA2FADAFF3001D74E1 /* OffersRowTVuCell.xib */,
			);
			path = "Table Cells";
			sourceTree = "<group>";
		};
		001B1BE82FAB67B50058C2FB /* Cells */ = {
			isa = PBXGroup;
			children = (
				001B1BE02FAB67B50058C2FB /* Collection Cells */,
				001B1BE72FAB67B50058C2FB /* Table Cells */,
			);
			path = Cells;
			sourceTree = "<group>";
		};
		001B1BEB2FAB67B50058C2FB /* Home */ = {
			isa = PBXGroup;
			children = (
				001B1BE82FAB67B50058C2FB /* Cells */,
				001B1BE92FAB67B50058C2FB /* HomeVC.swift */,
				001B1BEA2FAB67B50058C2FB /* Home+TableView.swift */,
			);
			path = Home;
			sourceTree = "<group>";
		};
/* End PBXGroup section */

/* Begin PBXNativeTarget section */
		001B1B472FAB66630058C2FB /* BeanSavings */ = {
			isa = PBXNativeTarget;
			buildConfigurationList = 001B1B742FAB66660058C2FB /* Build configuration list for PBXNativeTarget "BeanSavings" */;
			buildPhases = (
				001B1B442FAB66630058C2FB /* Sources */,
				001B1B452FAB66630058C2FB /* Frameworks */,
				001B1B462FAB66630058C2FB /* Resources */,
			);
			buildRules = (
			);
			dependencies = (
			);
			name = BeanSavings;
			packageProductDependencies = (
			);
			productName = BeanSavings;
			productReference = 001B1B482FAB66630058C2FB /* BeanSavings.app */;
			productType = "com.apple.product-type.application";
		};
		001B1B602FAB66660058C2FB /* BeanSavingsTests */ = {
			isa = PBXNativeTarget;
			buildConfigurationList = 001B1B792FAB66660058C2FB /* Build configuration list for PBXNativeTarget "BeanSavingsTests" */;
			buildPhases = (
				001B1B5D2FAB66660058C2FB /* Sources */,
				001B1B5E2FAB66660058C2FB /* Frameworks */,
				001B1B5F2FAB66660058C2FB /* Resources */,
			);
			buildRules = (
			);
			dependencies = (
				001B1B632FAB66660058C2FB /* PBXTargetDependency */,
			);
			name = BeanSavingsTests;
			packageProductDependencies = (
			);
			productName = BeanSavingsTests;
			productReference = 001B1B612FAB66660058C2FB /* BeanSavingsTests.xctest */;
			productType = "com.apple.product-type.bundle.unit-test";
		};
		001B1B6A2FAB66660058C2FB /* BeanSavingsUITests */ = {
			isa = PBXNativeTarget;
			buildConfigurationList = 001B1B7C2FAB66660058C2FB /* Build configuration list for PBXNativeTarget "BeanSavingsUITests" */;
			buildPhases = (
				001B1B672FAB66660058C2FB /* Sources */,
				001B1B682FAB66660058C2FB /* Frameworks */,
				001B1B692FAB66660058C2FB /* Resources */,
			);
			buildRules = (
			);
			dependencies = (
				001B1B6D2FAB66660058C2FB /* PBXTargetDependency */,
			);
			name = BeanSavingsUITests;
			packageProductDependencies = (
			);
			productName = BeanSavingsUITests;
			productReference = 001B1B6B2FAB66660058C2FB /* BeanSavingsUITests.xctest */;
			productType = "com.apple.product-type.bundle.ui-testing";
		};
/* End PBXNativeTarget section */

/* Begin PBXProject section */
		001B1B402FAB66630058C2FB /* Project object */ = {
			isa = PBXProject;
			attributes = {
				BuildIndependentTargetsInParallel = 1;
				LastSwiftUpdateCheck = 1620;
				LastUpgradeCheck = 1620;
				TargetAttributes = {
					001B1B472FAB66630058C2FB = {
						CreatedOnToolsVersion = 16.2;
					};
					001B1B602FAB66660058C2FB = {
						CreatedOnToolsVersion = 16.2;
						TestTargetID = 001B1B472FAB66630058C2FB;
					};
					001B1B6A2FAB66660058C2FB = {
						CreatedOnToolsVersion = 16.2;
						TestTargetID = 001B1B472FAB66630058C2FB;
					};
				};
			};
			buildConfigurationList = 001B1B432FAB66630058C2FB /* Build configuration list for PBXProject "BeanSavings" */;
			developmentRegion = en;
			hasScannedForEncodings = 0;
			knownRegions = (
				en,
				Base,
			);
			mainGroup = 001B1B3F2FAB66630058C2FB;
			minimizedProjectReferenceProxies = 1;
			preferredProjectObjectVersion = 77;
			productRefGroup = 001B1B492FAB66630058C2FB /* Products */;
			projectDirPath = "";
			projectRoot = "";
			targets = (
				001B1B472FAB66630058C2FB /* BeanSavings */,
				001B1B602FAB66660058C2FB /* BeanSavingsTests */,
				001B1B6A2FAB66660058C2FB /* BeanSavingsUITests */,
			);
		};
/* End PBXProject section */

/* Begin PBXResourcesBuildPhase section */
		001B1B462FAB66630058C2FB /* Resources */ = {
			isa = PBXResourcesBuildPhase;
			buildActionMask = 2147483647;
			files = (
				001B1BCF2FAB66B50058C2FB /* Assets.xcassets in Resources */,
				001B1BFD2FAB696D0058C2FB /* FamilyCVuCell.xib in Resources */,
				001B1BD12FAB66B50058C2FB /* LaunchScreen.storyboard in Resources */,
				001B1BD22FAB66B50058C2FB /* Main.storyboard in Resources */,
				006DCCEB2FAD9ED8001D74E1 /* SuggestionRowTVuCell.xib in Resources */,
				006DCCF02FADA006001D74E1 /* SuggestionCVuCell.xib in Resources */,
				006DCCF72FADA3B8001D74E1 /* MessageCVuCell.xib in Resources */,
				006DCCF32FADA280001D74E1 /* MessagesRowTVuCell.xib in Resources */,
				001B1BF92FAB68E20058C2FB /* FamilyRowTVuCell.xib in Resources */,
				006DCCFC2FADAFF3001D74E1 /* OffersRowTVuCell.xib in Resources */,
				006DCD002FADB0A1001D74E1 /* OfferCVuCell.xib in Resources */,
			);
			runOnlyForDeploymentPostprocessing = 0;
		};
		001B1B5F2FAB66660058C2FB /* Resources */ = {
			isa = PBXResourcesBuildPhase;
			buildActionMask = 2147483647;
			files = (
			);
			runOnlyForDeploymentPostprocessing = 0;
		};
		001B1B692FAB66660058C2FB /* Resources */ = {
			isa = PBXResourcesBuildPhase;
			buildActionMask = 2147483647;
			files = (
			);
			runOnlyForDeploymentPostprocessing = 0;
		};
/* End PBXResourcesBuildPhase section */

/* Begin PBXSourcesBuildPhase section */
		001B1B442FAB66630058C2FB /* Sources */ = {
			isa = PBXSourcesBuildPhase;
			buildActionMask = 2147483647;
			files = (
				006DCCEC2FAD9ED8001D74E1 /* SuggestionRowTVuCell.swift in Sources */,
				001B1BCB2FAB66B50058C2FB /* AppDelegate.swift in Sources */,
				006DCCF82FADA3B8001D74E1 /* MessageCVuCell.swift in Sources */,
				001B1BCC2FAB66B50058C2FB /* BeanSavings.xcdatamodeld in Sources */,
				001B1BCD2FAB66B50058C2FB /* SceneDelegate.swift in Sources */,
				001B1BD92FAB671B0058C2FB /* FadedImage.swift in Sources */,
				001B1BEF2FAB67B50058C2FB /* Home+TableView.swift in Sources */,
				001B1BF82FAB68E20058C2FB /* FamilyRowTVuCell.swift in Sources */,
				001B1BF12FAB67B50058C2FB /* HomeVC.swift in Sources */,
				001B1BDA2FAB671B0058C2FB /* Constants.swift in Sources */,
				006DCCFB2FADAFF3001D74E1 /* OffersRowTVuCell.swift in Sources */,
				001B1BDB2FAB671B0058C2FB /* CompositionalLayout.swift in Sources */,
				006DCCEF2FADA006001D74E1 /* SuggestionCVuCell.swift in Sources */,
				001B1BDC2FAB671B0058C2FB /* DesignableView.swift in Sources */,
				001B1BFC2FAB696D0058C2FB /* FamilyCVuCell.swift in Sources */,
				001B1BDD2FAB671B0058C2FB /* ColorExtensions.swift in Sources */,
				006DCCF42FADA280001D74E1 /* MessagesRowTVuCell.swift in Sources */,
				006DCCFF2FADB0A1001D74E1 /* OfferCVuCell.swift in Sources */,
			);
			runOnlyForDeploymentPostprocessing = 0;
		};
		001B1B5D2FAB66660058C2FB /* Sources */ = {
			isa = PBXSourcesBuildPhase;
			buildActionMask = 2147483647;
			files = (
				001B1B862FAB66870058C2FB /* BeanSavingsTests.swift in Sources */,
			);
			runOnlyForDeploymentPostprocessing = 0;
		};
		001B1B672FAB66660058C2FB /* Sources */ = {
			isa = PBXSourcesBuildPhase;
			buildActionMask = 2147483647;
			files = (
				001B1B822FAB66870058C2FB /* BeanSavingsUITests.swift in Sources */,
				001B1B832FAB66870058C2FB /* BeanSavingsUITestsLaunchTests.swift in Sources */,
			);
			runOnlyForDeploymentPostprocessing = 0;
		};
/* End PBXSourcesBuildPhase section */

/* Begin PBXTargetDependency section */
		001B1B632FAB66660058C2FB /* PBXTargetDependency */ = {
			isa = PBXTargetDependency;
			target = 001B1B472FAB66630058C2FB /* BeanSavings */;
			targetProxy = 001B1B622FAB66660058C2FB /* PBXContainerItemProxy */;
		};
		001B1B6D2FAB66660058C2FB /* PBXTargetDependency */ = {
			isa = PBXTargetDependency;
			target = 001B1B472FAB66630058C2FB /* BeanSavings */;
			targetProxy = 001B1B6C2FAB66660058C2FB /* PBXContainerItemProxy */;
		};
/* End PBXTargetDependency section */

/* Begin PBXVariantGroup section */
		001B1BC42FAB66B50058C2FB /* LaunchScreen.storyboard */ = {
			isa = PBXVariantGroup;
			children = (
				001B1BC32FAB66B50058C2FB /* Base */,
			);
			name = LaunchScreen.storyboard;
			sourceTree = "<group>";
		};
		001B1BC62FAB66B50058C2FB /* Main.storyboard */ = {
			isa = PBXVariantGroup;
			children = (
				001B1BC52FAB66B50058C2FB /* Base */,
			);
			name = Main.storyboard;
			sourceTree = "<group>";
		};
/* End PBXVariantGroup section */

/* Begin XCBuildConfiguration section */
		001B1B752FAB66660058C2FB /* Debug */ = {
			isa = XCBuildConfiguration;
			buildSettings = {
				ASSETCATALOG_COMPILER_APPICON_NAME = AppIcon;
				ASSETCATALOG_COMPILER_GLOBAL_ACCENT_COLOR_NAME = AccentColor;
				CODE_SIGN_STYLE = Automatic;
				CURRENT_PROJECT_VERSION = 1;
				GENERATE_INFOPLIST_FILE = YES;
				INFOPLIST_FILE = BeanSavings/Info.plist;
				INFOPLIST_KEY_CFBundleDisplayName = "Bean Savings";
				INFOPLIST_KEY_UIApplicationSupportsIndirectInputEvents = YES;
				INFOPLIST_KEY_UILaunchStoryboardName = LaunchScreen;
				INFOPLIST_KEY_UIMainStoryboardFile = Main;
				INFOPLIST_KEY_UISupportedInterfaceOrientations = UIInterfaceOrientationPortrait;
				INFOPLIST_KEY_UISupportedInterfaceOrientations_iPad = "UIInterfaceOrientationPortrait UIInterfaceOrientationPortraitUpsideDown";
				LD_RUNPATH_SEARCH_PATHS = (
					"$(inherited)",
					"@executable_path/Frameworks",
				);
				MARKETING_VERSION = 1.0;
				PRODUCT_BUNDLE_IDENTIFIER = com.Drudotstech.BeanSavings;
				PRODUCT_NAME = "$(TARGET_NAME)";
				SUPPORTED_PLATFORMS = "iphoneos iphonesimulator";
				SUPPORTS_MACCATALYST = NO;
				SUPPORTS_MAC_DESIGNED_FOR_IPHONE_IPAD = NO;
				SUPPORTS_XR_DESIGNED_FOR_IPHONE_IPAD = NO;
				SWIFT_EMIT_LOC_STRINGS = YES;
				SWIFT_VERSION = 5.0;
				TARGETED_DEVICE_FAMILY = "1,2";
			};
			name = Debug;
		};
		001B1B762FAB66660058C2FB /* Release */ = {
			isa = XCBuildConfiguration;
			buildSettings = {
				ASSETCATALOG_COMPILER_APPICON_NAME = AppIcon;
				ASSETCATALOG_COMPILER_GLOBAL_ACCENT_COLOR_NAME = AccentColor;
				CODE_SIGN_STYLE = Automatic;
				CURRENT_PROJECT_VERSION = 1;
				GENERATE_INFOPLIST_FILE = YES;
				INFOPLIST_FILE = BeanSavings/Info.plist;
				INFOPLIST_KEY_CFBundleDisplayName = "Bean Savings";
				INFOPLIST_KEY_UIApplicationSupportsIndirectInputEvents = YES;
				INFOPLIST_KEY_UILaunchStoryboardName = LaunchScreen;
				INFOPLIST_KEY_UIMainStoryboardFile = Main;
				INFOPLIST_KEY_UISupportedInterfaceOrientations = UIInterfaceOrientationPortrait;
				INFOPLIST_KEY_UISupportedInterfaceOrientations_iPad = "UIInterfaceOrientationPortrait UIInterfaceOrientationPortraitUpsideDown";
				LD_RUNPATH_SEARCH_PATHS = (
					"$(inherited)",
					"@executable_path/Frameworks",
				);
				MARKETING_VERSION = 1.0;
				PRODUCT_BUNDLE_IDENTIFIER = com.Drudotstech.BeanSavings;
				PRODUCT_NAME = "$(TARGET_NAME)";
				SUPPORTED_PLATFORMS = "iphoneos iphonesimulator";
				SUPPORTS_MACCATALYST = NO;
				SUPPORTS_MAC_DESIGNED_FOR_IPHONE_IPAD = NO;
				SUPPORTS_XR_DESIGNED_FOR_IPHONE_IPAD = NO;
				SWIFT_EMIT_LOC_STRINGS = YES;
				SWIFT_VERSION = 5.0;
				TARGETED_DEVICE_FAMILY = "1,2";
			};
			name = Release;
		};
		001B1B772FAB66660058C2FB /* Debug */ = {
			isa = XCBuildConfiguration;
			buildSettings = {
				ALWAYS_SEARCH_USER_PATHS = NO;
				ASSETCATALOG_COMPILER_GENERATE_SWIFT_ASSET_SYMBOL_EXTENSIONS = YES;
				CLANG_ANALYZER_NONNULL = YES;
				CLANG_ANALYZER_NUMBER_OBJECT_CONVERSION = YES_AGGRESSIVE;
				CLANG_CXX_LANGUAGE_STANDARD = "gnu++20";
				CLANG_ENABLE_MODULES = YES;
				CLANG_ENABLE_OBJC_ARC = YES;
				CLANG_ENABLE_OBJC_WEAK = YES;
				CLANG_WARN_BLOCK_CAPTURE_AUTORELEASING = YES;
				CLANG_WARN_BOOL_CONVERSION = YES;
				CLANG_WARN_COMMA = YES;
				CLANG_WARN_CONSTANT_CONVERSION = YES;
				CLANG_WARN_DEPRECATED_OBJC_IMPLEMENTATIONS = YES;
				CLANG_WARN_DIRECT_OBJC_ISA_USAGE = YES_ERROR;
				CLANG_WARN_DOCUMENTATION_COMMENTS = YES;
				CLANG_WARN_EMPTY_BODY = YES;
				CLANG_WARN_ENUM_CONVERSION = YES;
				CLANG_WARN_INFINITE_RECURSION = YES;
				CLANG_WARN_INT_CONVERSION = YES;
				CLANG_WARN_NON_LITERAL_NULL_CONVERSION = YES;
				CLANG_WARN_OBJC_IMPLICIT_RETAIN_SELF = YES;
				CLANG_WARN_OBJC_LITERAL_CONVERSION = YES;
				CLANG_WARN_OBJC_ROOT_CLASS = YES_ERROR;
				CLANG_WARN_QUOTED_INCLUDE_IN_FRAMEWORK_HEADER = YES;
				CLANG_WARN_RANGE_LOOP_ANALYSIS = YES;
				CLANG_WARN_STRICT_PROTOTYPES = YES;
				CLANG_WARN_SUSPICIOUS_MOVE = YES;
				CLANG_WARN_UNGUARDED_AVAILABILITY = YES_AGGRESSIVE;
				CLANG_WARN_UNREACHABLE_CODE = YES;
				CLANG_WARN__DUPLICATE_METHOD_MATCH = YES;
				COPY_PHASE_STRIP = NO;
				DEBUG_INFORMATION_FORMAT = dwarf;
				ENABLE_STRICT_OBJC_MSGSEND = YES;
				ENABLE_TESTABILITY = YES;
				ENABLE_USER_SCRIPT_SANDBOXING = YES;
				GCC_C_LANGUAGE_STANDARD = gnu17;
				GCC_DYNAMIC_NO_PIC = NO;
				GCC_NO_COMMON_BLOCKS = YES;
				GCC_OPTIMIZATION_LEVEL = 0;
				GCC_PREPROCESSOR_DEFINITIONS = (
					"DEBUG=1",
					"$(inherited)",
				);
				GCC_WARN_64_TO_32_BIT_CONVERSION = YES;
				GCC_WARN_ABOUT_RETURN_TYPE = YES_ERROR;
				GCC_WARN_UNDECLARED_SELECTOR = YES;
				GCC_WARN_UNINITIALIZED_AUTOS = YES_AGGRESSIVE;
				GCC_WARN_UNUSED_FUNCTION = YES;
				GCC_WARN_UNUSED_VARIABLE = YES;
				IPHONEOS_DEPLOYMENT_TARGET = 18.2;
				LOCALIZATION_PREFERS_STRING_CATALOGS = YES;
				MTL_ENABLE_DEBUG_INFO = INCLUDE_SOURCE;
				MTL_FAST_MATH = YES;
				ONLY_ACTIVE_ARCH = YES;
				SDKROOT = iphoneos;
				SWIFT_ACTIVE_COMPILATION_CONDITIONS = "DEBUG $(inherited)";
				SWIFT_OPTIMIZATION_LEVEL = "-Onone";
			};
			name = Debug;
		};
		001B1B782FAB66660058C2FB /* Release */ = {
			isa = XCBuildConfiguration;
			buildSettings = {
				ALWAYS_SEARCH_USER_PATHS = NO;
				ASSETCATALOG_COMPILER_GENERATE_SWIFT_ASSET_SYMBOL_EXTENSIONS = YES;
				CLANG_ANALYZER_NONNULL = YES;
				CLANG_ANALYZER_NUMBER_OBJECT_CONVERSION = YES_AGGRESSIVE;
				CLANG_CXX_LANGUAGE_STANDARD = "gnu++20";
				CLANG_ENABLE_MODULES = YES;
				CLANG_ENABLE_OBJC_ARC = YES;
				CLANG_ENABLE_OBJC_WEAK = YES;
				CLANG_WARN_BLOCK_CAPTURE_AUTORELEASING = YES;
				CLANG_WARN_BOOL_CONVERSION = YES;
				CLANG_WARN_COMMA = YES;
				CLANG_WARN_CONSTANT_CONVERSION = YES;
				CLANG_WARN_DEPRECATED_OBJC_IMPLEMENTATIONS = YES;
				CLANG_WARN_DIRECT_OBJC_ISA_USAGE = YES_ERROR;
				CLANG_WARN_DOCUMENTATION_COMMENTS = YES;
				CLANG_WARN_EMPTY_BODY = YES;
				CLANG_WARN_ENUM_CONVERSION = YES;
				CLANG_WARN_INFINITE_RECURSION = YES;
				CLANG_WARN_INT_CONVERSION = YES;
				CLANG_WARN_NON_LITERAL_NULL_CONVERSION = YES;
				CLANG_WARN_OBJC_IMPLICIT_RETAIN_SELF = YES;
				CLANG_WARN_OBJC_LITERAL_CONVERSION = YES;
				CLANG_WARN_OBJC_ROOT_CLASS = YES_ERROR;
				CLANG_WARN_QUOTED_INCLUDE_IN_FRAMEWORK_HEADER = YES;
				CLANG_WARN_RANGE_LOOP_ANALYSIS = YES;
				CLANG_WARN_STRICT_PROTOTYPES = YES;
				CLANG_WARN_SUSPICIOUS_MOVE = YES;
				CLANG_WARN_UNGUARDED_AVAILABILITY = YES_AGGRESSIVE;
				CLANG_WARN_UNREACHABLE_CODE = YES;
				CLANG_WARN__DUPLICATE_METHOD_MATCH = YES;
				COPY_PHASE_STRIP = NO;
				DEBUG_INFORMATION_FORMAT = "dwarf-with-dsym";
				ENABLE_NS_ASSERTIONS = NO;
				ENABLE_STRICT_OBJC_MSGSEND = YES;
				ENABLE_USER_SCRIPT_SANDBOXING = YES;
				GCC_C_LANGUAGE_STANDARD = gnu17;
				GCC_NO_COMMON_BLOCKS = YES;
				GCC_WARN_64_TO_32_BIT_CONVERSION = YES;
				GCC_WARN_ABOUT_RETURN_TYPE = YES_ERROR;
				GCC_WARN_UNDECLARED_SELECTOR = YES;
				GCC_WARN_UNINITIALIZED_AUTOS = YES_AGGRESSIVE;
				GCC_WARN_UNUSED_FUNCTION = YES;
				GCC_WARN_UNUSED_VARIABLE = YES;
				IPHONEOS_DEPLOYMENT_TARGET = 18.2;
				LOCALIZATION_PREFERS_STRING_CATALOGS = YES;
				MTL_ENABLE_DEBUG_INFO = NO;
				MTL_FAST_MATH = YES;
				SDKROOT = iphoneos;
				SWIFT_COMPILATION_MODE = wholemodule;
				VALIDATE_PRODUCT = YES;
			};
			name = Release;
		};
		001B1B7A2FAB66660058C2FB /* Debug */ = {
			isa = XCBuildConfiguration;
			buildSettings = {
				BUNDLE_LOADER = "$(TEST_HOST)";
				CODE_SIGN_STYLE = Automatic;
				CURRENT_PROJECT_VERSION = 1;
				GENERATE_INFOPLIST_FILE = YES;
				IPHONEOS_DEPLOYMENT_TARGET = 18.2;
				MARKETING_VERSION = 1.0;
				PRODUCT_BUNDLE_IDENTIFIER = com.Drudotstech.BeanSavingsTests;
				PRODUCT_NAME = "$(TARGET_NAME)";
				SWIFT_EMIT_LOC_STRINGS = NO;
				SWIFT_VERSION = 5.0;
				TARGETED_DEVICE_FAMILY = "1,2";
				TEST_HOST = "$(BUILT_PRODUCTS_DIR)/BeanSavings.app/$(BUNDLE_EXECUTABLE_FOLDER_PATH)/BeanSavings";
			};
			name = Debug;
		};
		001B1B7B2FAB66660058C2FB /* Release */ = {
			isa = XCBuildConfiguration;
			buildSettings = {
				BUNDLE_LOADER = "$(TEST_HOST)";
				CODE_SIGN_STYLE = Automatic;
				CURRENT_PROJECT_VERSION = 1;
				GENERATE_INFOPLIST_FILE = YES;
				IPHONEOS_DEPLOYMENT_TARGET = 18.2;
				MARKETING_VERSION = 1.0;
				PRODUCT_BUNDLE_IDENTIFIER = com.Drudotstech.BeanSavingsTests;
				PRODUCT_NAME = "$(TARGET_NAME)";
				SWIFT_EMIT_LOC_STRINGS = NO;
				SWIFT_VERSION = 5.0;
				TARGETED_DEVICE_FAMILY = "1,2";
				TEST_HOST = "$(BUILT_PRODUCTS_DIR)/BeanSavings.app/$(BUNDLE_EXECUTABLE_FOLDER_PATH)/BeanSavings";
			};
			name = Release;
		};
		001B1B7D2FAB66660058C2FB /* Debug */ = {
			isa = XCBuildConfiguration;
			buildSettings = {
				CODE_SIGN_STYLE = Automatic;
				CURRENT_PROJECT_VERSION = 1;
				GENERATE_INFOPLIST_FILE = YES;
				MARKETING_VERSION = 1.0;
				PRODUCT_BUNDLE_IDENTIFIER = com.Drudotstech.BeanSavingsUITests;
				PRODUCT_NAME = "$(TARGET_NAME)";
				SWIFT_EMIT_LOC_STRINGS = NO;
				SWIFT_VERSION = 5.0;
				TARGETED_DEVICE_FAMILY = "1,2";
				TEST_TARGET_NAME = BeanSavings;
			};
			name = Debug;
		};
		001B1B7E2FAB66660058C2FB /* Release */ = {
			isa = XCBuildConfiguration;
			buildSettings = {
				CODE_SIGN_STYLE = Automatic;
				CURRENT_PROJECT_VERSION = 1;
				GENERATE_INFOPLIST_FILE = YES;
				MARKETING_VERSION = 1.0;
				PRODUCT_BUNDLE_IDENTIFIER = com.Drudotstech.BeanSavingsUITests;
				PRODUCT_NAME = "$(TARGET_NAME)";
				SWIFT_EMIT_LOC_STRINGS = NO;
				SWIFT_VERSION = 5.0;
				TARGETED_DEVICE_FAMILY = "1,2";
				TEST_TARGET_NAME = BeanSavings;
			};
			name = Release;
		};
/* End XCBuildConfiguration section */

/* Begin XCConfigurationList section */
		001B1B432FAB66630058C2FB /* Build configuration list for PBXProject "BeanSavings" */ = {
			isa = XCConfigurationList;
			buildConfigurations = (
				001B1B772FAB66660058C2FB /* Debug */,
				001B1B782FAB66660058C2FB /* Release */,
			);
			defaultConfigurationIsVisible = 0;
			defaultConfigurationName = Release;
		};
		001B1B742FAB66660058C2FB /* Build configuration list for PBXNativeTarget "BeanSavings" */ = {
			isa = XCConfigurationList;
			buildConfigurations = (
				001B1B752FAB66660058C2FB /* Debug */,
				001B1B762FAB66660058C2FB /* Release */,
			);
			defaultConfigurationIsVisible = 0;
			defaultConfigurationName = Release;
		};
		001B1B792FAB66660058C2FB /* Build configuration list for PBXNativeTarget "BeanSavingsTests" */ = {
			isa = XCConfigurationList;
			buildConfigurations = (
				001B1B7A2FAB66660058C2FB /* Debug */,
				001B1B7B2FAB66660058C2FB /* Release */,
			);
			defaultConfigurationIsVisible = 0;
			defaultConfigurationName = Release;
		};
		001B1B7C2FAB66660058C2FB /* Build configuration list for PBXNativeTarget "BeanSavingsUITests" */ = {
			isa = XCConfigurationList;
			buildConfigurations = (
				001B1B7D2FAB66660058C2FB /* Debug */,
				001B1B7E2FAB66660058C2FB /* Release */,
			);
			defaultConfigurationIsVisible = 0;
			defaultConfigurationName = Release;
		};
/* End XCConfigurationList section */

/* Begin XCVersionGroup section */
		001B1BC12FAB66B50058C2FB /* BeanSavings.xcdatamodeld */ = {
			isa = XCVersionGroup;
			children = (
				001B1BCA2FAB66B50058C2FB /* BeanSavings.xcdatamodel */,
			);
			currentVersion = 001B1BCA2FAB66B50058C2FB /* BeanSavings.xcdatamodel */;
			path = BeanSavings.xcdatamodeld;
			sourceTree = "<group>";
			versionGroupType = wrapper.xcdatamodel;
		};
/* End XCVersionGroup section */
	};
	rootObject = 001B1B402FAB66630058C2FB /* Project object */;
}
