// !$*UTF8*$!
{
	archiveVersion = 1;
	classes = {
	};
	objectVersion = 77;
	objects = {

/* Begin PBXContainerItemProxy section */
		001B1B622FAB66660058C2FB /* PBXContainerItemProxy */ = {
			isa = PBXContainerItemProxy;
			containerPortal = 001B1B402FAB66630058C2FB /* Project object */;
			proxyType = 1;
			remoteGlobalIDString = 001B1B472FAB66630058C2FB;
			remoteInfo = BeanSavings;
		};
		001B1B6C2FAB66660058C2FB /* PBXContainerItemProxy */ = {
			isa = PBXContainerItemProxy;
			containerPortal = 001B1B402FAB66630058C2FB /* Project object */;
			proxyType = 1;
			remoteGlobalIDString = 001B1B472FAB66630058C2FB;
			remoteInfo = BeanSavings;
		};
/* End PBXContainerItemProxy section */

/* Begin PBXFileReference section */
		001B1B482FAB66630058C2FB /* BeanSavings.app */ = {isa = PBXFileReference; explicitFileType = wrapper.application; includeInIndex = 0; path = BeanSavings.app; sourceTree = BUILT_PRODUCTS_DIR; };
		001B1B612FAB66660058C2FB /* BeanSavingsTests.xctest */ = {isa = PBXFileReference; explicitFileType = wrapper.cfbundle; includeInIndex = 0; path = BeanSavingsTests.xctest; sourceTree = BUILT_PRODUCTS_DIR; };
		001B1B6B2FAB66660058C2FB /* BeanSavingsUITests.xctest */ = {isa = PBXFileReference; explicitFileType = wrapper.cfbundle; includeInIndex = 0; path = BeanSavingsUITests.xctest; sourceTree = BUILT_PRODUCTS_DIR; };
/* End PBXFileReference section */

/* Begin PBXFileSystemSynchronizedBuildFileExceptionSet section */
		001B1B732FAB66660058C2FB /* Exceptions for "BeanSavings" folder in "BeanSavings" target */ = {
			isa = PBXFileSystemSynchronizedBuildFileExceptionSet;
			membershipExceptions = (
				Info.plist,
			);
			target = 001B1B472FAB66630058C2FB /* BeanSavings */;
		};
/* End PBXFileSystemSynchronizedBuildFileExceptionSet section */

/* Begin PBXFileSystemSynchronizedRootGroup section */
		001B1B4A2FAB66630058C2FB /* BeanSavings */ = {
			isa = PBXFileSystemSynchronizedRootGroup;
			exceptions = (
				001B1B732FAB66660058C2FB /* Exceptions for "BeanSavings" folder in "BeanSavings" target */,
			);
			path = BeanSavings;
			sourceTree = "<group>";
		};
		001B1B642FAB66660058C2FB /* BeanSavingsTests */ = {
			isa = PBXFileSystemSynchronizedRootGroup;
			path = BeanSavingsTests;
			sourceTree = "<group>";
		};
		001B1B6E2FAB66660058C2FB /* BeanSavingsUITests */ = {
			isa = PBXFileSystemSynchronizedRootGroup;
			path = BeanSavingsUITests;
			sourceTree = "<group>";
		};
/* End PBXFileSystemSynchronizedRootGroup section */

/* Begin PBXFrameworksBuildPhase section */
		001B1B452FAB66630058C2FB /* Frameworks */ = {
			isa = PBXFrameworksBuildPhase;
			buildActionMask = 2147483647;
			files = (
			);
			runOnlyForDeploymentPostprocessing = 0;
		};
		001B1B5E2FAB66660058C2FB /* Frameworks */ = {
			isa = PBXFrameworksBuildPhase;
			buildActionMask = 2147483647;
			files = (
			);
			runOnlyForDeploymentPostprocessing = 0;
		};
		001B1B682FAB66660058C2FB /* Frameworks */ = {
			isa = PBXFrameworksBuildPhase;
			buildActionMask = 2147483647;
			files = (
			);
			runOnlyForDeploymentPostprocessing = 0;
		};
/* End PBXFrameworksBuildPhase section */

/* Begin PBXGroup section */
		001B1B3F2FAB66630058C2FB = {
			isa = PBXGroup;
			children = (
				001B1B4A2FAB66630058C2FB /* BeanSavings */,
				001B1B642FAB66660058C2FB /* BeanSavingsTests */,
				001B1B6E2FAB66660058C2FB /* BeanSavingsUITests */,
				001B1B492FAB66630058C2FB /* Products */,
			);
			sourceTree = "<group>";
		};
		001B1B492FAB66630058C2FB /* Products */ = {
			isa = PBXGroup;
			children = (
				001B1B482FAB66630058C2FB /* BeanSavings.app */,
				001B1B612FAB66660058C2FB /* BeanSavingsTests.xctest */,
				001B1B6B2FAB66660058C2FB /* BeanSavingsUITests.xctest */,
			);
			name = Products;
			sourceTree = "<group>";
		};
/* End PBXGroup section */

/* Begin PBXNativeTarget section */
		001B1B472FAB66630058C2FB /* BeanSavings */ = {
			isa = PBXNativeTarget;
			buildConfigurationList = 001B1B742FAB66660058C2FB /* Build configuration list for PBXNativeTarget "BeanSavings" */;
			buildPhases = (
				001B1B442FAB66630058C2FB /* Sources */,
				001B1B452FAB66630058C2FB /* Frameworks */,
				001B1B462FAB66630058C2FB /* Resources */,
			);
			buildRules = (
			);
			dependencies = (
			);
			fileSystemSynchronizedGroups = (
				001B1B4A2FAB66630058C2FB /* BeanSavings */,
			);
			name = BeanSavings;
			packageProductDependencies = (
			);
			productName = BeanSavings;
			productReference = 001B1B482FAB66630058C2FB /* BeanSavings.app */;
			productType = "com.apple.product-type.application";
		};
		001B1B602FAB66660058C2FB /* BeanSavingsTests */ = {
			isa = PBXNativeTarget;
			buildConfigurationList = 001B1B792FAB66660058C2FB /* Build configuration list for PBXNativeTarget "BeanSavingsTests" */;
			buildPhases = (
				001B1B5D2FAB66660058C2FB /* Sources */,
				001B1B5E2FAB66660058C2FB /* Frameworks */,
				001B1B5F2FAB66660058C2FB /* Resources */,
			);
			buildRules = (
			);
			dependencies = (
				001B1B632FAB66660058C2FB /* PBXTargetDependency */,
			);
			fileSystemSynchronizedGroups = (
				001B1B642FAB66660058C2FB /* BeanSavingsTests */,
			);
			name = BeanSavingsTests;
			packageProductDependencies = (
			);
			productName = BeanSavingsTests;
			productReference = 001B1B612FAB66660058C2FB /* BeanSavingsTests.xctest */;
			productType = "com.apple.product-type.bundle.unit-test";
		};
		001B1B6A2FAB66660058C2FB /* BeanSavingsUITests */ = {
			isa = PBXNativeTarget;
			buildConfigurationList = 001B1B7C2FAB66660058C2FB /* Build configuration list for PBXNativeTarget "BeanSavingsUITests" */;
			buildPhases = (
				001B1B672FAB66660058C2FB /* Sources */,
				001B1B682FAB66660058C2FB /* Frameworks */,
				001B1B692FAB66660058C2FB /* Resources */,
			);
			buildRules = (
			);
			dependencies = (
				001B1B6D2FAB66660058C2FB /* PBXTargetDependency */,
			);
			fileSystemSynchronizedGroups = (
				001B1B6E2FAB66660058C2FB /* BeanSavingsUITests */,
			);
			name = BeanSavingsUITests;
			packageProductDependencies = (
			);
			productName = BeanSavingsUITests;
			productReference = 001B1B6B2FAB66660058C2FB /* BeanSavingsUITests.xctest */;
			productType = "com.apple.product-type.bundle.ui-testing";
		};
/* End PBXNativeTarget section */

/* Begin PBXProject section */
		001B1B402FAB66630058C2FB /* Project object */ = {
			isa = PBXProject;
			attributes = {
				BuildIndependentTargetsInParallel = 1;
				LastSwiftUpdateCheck = 1620;
				LastUpgradeCheck = 1620;
				TargetAttributes = {
					001B1B472FAB66630058C2FB = {
						CreatedOnToolsVersion = 16.2;
					};
					001B1B602FAB66660058C2FB = {
						CreatedOnToolsVersion = 16.2;
						TestTargetID = 001B1B472FAB66630058C2FB;
					};
					001B1B6A2FAB66660058C2FB = {
						CreatedOnToolsVersion = 16.2;
						TestTargetID = 001B1B472FAB66630058C2FB;
					};
				};
			};
			buildConfigurationList = 001B1B432FAB66630058C2FB /* Build configuration list for PBXProject "BeanSavings" */;
			developmentRegion = en;
			hasScannedForEncodings = 0;
			knownRegions = (
				en,
				Base,
			);
			mainGroup = 001B1B3F2FAB66630058C2FB;
			minimizedProjectReferenceProxies = 1;
			preferredProjectObjectVersion = 77;
			productRefGroup = 001B1B492FAB66630058C2FB /* Products */;
			projectDirPath = "";
			projectRoot = "";
			targets = (
				001B1B472FAB66630058C2FB /* BeanSavings */,
				001B1B602FAB66660058C2FB /* BeanSavingsTests */,
				001B1B6A2FAB66660058C2FB /* BeanSavingsUITests */,
			);
		};
/* End PBXProject section */

/* Begin PBXResourcesBuildPhase section */
		001B1B462FAB66630058C2FB /* Resources */ = {
			isa = PBXResourcesBuildPhase;
			buildActionMask = 2147483647;
			files = (
			);
			runOnlyForDeploymentPostprocessing = 0;
		};
		001B1B5F2FAB66660058C2FB /* Resources */ = {
			isa = PBXResourcesBuildPhase;
			buildActionMask = 2147483647;
			files = (
			);
			runOnlyForDeploymentPostprocessing = 0;
		};
		001B1B692FAB66660058C2FB /* Resources */ = {
			isa = PBXResourcesBuildPhase;
			buildActionMask = 2147483647;
			files = (
			);
			runOnlyForDeploymentPostprocessing = 0;
		};
/* End PBXResourcesBuildPhase section */

/* Begin PBXSourcesBuildPhase section */
		001B1B442FAB66630058C2FB /* Sources */ = {
			isa = PBXSourcesBuildPhase;
			buildActionMask = 2147483647;
			files = (
			);
			runOnlyForDeploymentPostprocessing = 0;
		};
		001B1B5D2FAB66660058C2FB /* Sources */ = {
			isa = PBXSourcesBuildPhase;
			buildActionMask = 2147483647;
			files = (
			);
			runOnlyForDeploymentPostprocessing = 0;
		};
		001B1B672FAB66660058C2FB /* Sources */ = {
			isa = PBXSourcesBuildPhase;
			buildActionMask = 2147483647;
			files = (
			);
			runOnlyForDeploymentPostprocessing = 0;
		};
/* End PBXSourcesBuildPhase section */

/* Begin PBXTargetDependency section */
		001B1B632FAB66660058C2FB /* PBXTargetDependency */ = {
			isa = PBXTargetDependency;
			target = 001B1B472FAB66630058C2FB /* BeanSavings */;
			targetProxy = 001B1B622FAB66660058C2FB /* PBXContainerItemProxy */;
		};
		001B1B6D2FAB66660058C2FB /* PBXTargetDependency */ = {
			isa = PBXTargetDependency;
			target = 001B1B472FAB66630058C2FB /* BeanSavings */;
			targetProxy = 001B1B6C2FAB66660058C2FB /* PBXContainerItemProxy */;
		};
/* End PBXTargetDependency section */

/* Begin XCBuildConfiguration section */
		001B1B752FAB66660058C2FB /* Debug */ = {
			isa = XCBuildConfiguration;
			buildSettings = {
				ASSETCATALOG_COMPILER_APPICON_NAME = AppIcon;
				ASSETCATALOG_COMPILER_GLOBAL_ACCENT_COLOR_NAME = AccentColor;
				CODE_SIGN_STYLE = Automatic;
				CURRENT_PROJECT_VERSION = 1;
				GENERATE_INFOPLIST_FILE = YES;
				INFOPLIST_FILE = BeanSavings/Info.plist;
				INFOPLIST_KEY_UIApplicationSupportsIndirectInputEvents = YES;
				INFOPLIST_KEY_UILaunchStoryboardName = LaunchScreen;
				INFOPLIST_KEY_UIMainStoryboardFile = Main;
				INFOPLIST_KEY_UISupportedInterfaceOrientations_iPad = "UIInterfaceOrientationPortrait UIInterfaceOrientationPortraitUpsideDown UIInterfaceOrientationLandscapeLeft UIInterfaceOrientationLandscapeRight";
				INFOPLIST_KEY_UISupportedInterfaceOrientations_iPhone = "UIInterfaceOrientationPortrait UIInterfaceOrientationLandscapeLeft UIInterfaceOrientationLandscapeRight";
				LD_RUNPATH_SEARCH_PATHS = (
					"$(inherited)",
					"@executable_path/Frameworks",
				);
				MARKETING_VERSION = 1.0;
				PRODUCT_BUNDLE_IDENTIFIER = com.Drudotstech.BeanSavings;
				PRODUCT_NAME = "$(TARGET_NAME)";
				SWIFT_EMIT_LOC_STRINGS = YES;
				SWIFT_VERSION = 5.0;
				TARGETED_DEVICE_FAMILY = "1,2";
			};
			name = Debug;
		};
		001B1B762FAB66660058C2FB /* Release */ = {
			isa = XCBuildConfiguration;
			buildSettings = {
				ASSETCATALOG_COMPILER_APPICON_NAME = AppIcon;
				ASSETCATALOG_COMPILER_GLOBAL_ACCENT_COLOR_NAME = AccentColor;
				CODE_SIGN_STYLE = Automatic;
				CURRENT_PROJECT_VERSION = 1;
				GENERATE_INFOPLIST_FILE = YES;
				INFOPLIST_FILE = BeanSavings/Info.plist;
				INFOPLIST_KEY_UIApplicationSupportsIndirectInputEvents = YES;
				INFOPLIST_KEY_UILaunchStoryboardName = LaunchScreen;
				INFOPLIST_KEY_UIMainStoryboardFile = Main;
				INFOPLIST_KEY_UISupportedInterfaceOrientations_iPad = "UIInterfaceOrientationPortrait UIInterfaceOrientationPortraitUpsideDown UIInterfaceOrientationLandscapeLeft UIInterfaceOrientationLandscapeRight";
				INFOPLIST_KEY_UISupportedInterfaceOrientations_iPhone = "UIInterfaceOrientationPortrait UIInterfaceOrientationLandscapeLeft UIInterfaceOrientationLandscapeRight";
				LD_RUNPATH_SEARCH_PATHS = (
					"$(inherited)",
					"@executable_path/Frameworks",
				);
				MARKETING_VERSION = 1.0;
				PRODUCT_BUNDLE_IDENTIFIER = com.Drudotstech.BeanSavings;
				PRODUCT_NAME = "$(TARGET_NAME)";
				SWIFT_EMIT_LOC_STRINGS = YES;
				SWIFT_VERSION = 5.0;
				TARGETED_DEVICE_FAMILY = "1,2";
			};
			name = Release;
		};
		001B1B772FAB66660058C2FB /* Debug */ = {
			isa = XCBuildConfiguration;
			buildSettings = {
				ALWAYS_SEARCH_USER_PATHS = NO;
				ASSETCATALOG_COMPILER_GENERATE_SWIFT_ASSET_SYMBOL_EXTENSIONS = YES;
				CLANG_ANALYZER_NONNULL = YES;
				CLANG_ANALYZER_NUMBER_OBJECT_CONVERSION = YES_AGGRESSIVE;
				CLANG_CXX_LANGUAGE_STANDARD = "gnu++20";
				CLANG_ENABLE_MODULES = YES;
				CLANG_ENABLE_OBJC_ARC = YES;
				CLANG_ENABLE_OBJC_WEAK = YES;
				CLANG_WARN_BLOCK_CAPTURE_AUTORELEASING = YES;
				CLANG_WARN_BOOL_CONVERSION = YES;
				CLANG_WARN_COMMA = YES;
				CLANG_WARN_CONSTANT_CONVERSION = YES;
				CLANG_WARN_DEPRECATED_OBJC_IMPLEMENTATIONS = YES;
				CLANG_WARN_DIRECT_OBJC_ISA_USAGE = YES_ERROR;
				CLANG_WARN_DOCUMENTATION_COMMENTS = YES;
				CLANG_WARN_EMPTY_BODY = YES;
				CLANG_WARN_ENUM_CONVERSION = YES;
				CLANG_WARN_INFINITE_RECURSION = YES;
				CLANG_WARN_INT_CONVERSION = YES;
				CLANG_WARN_NON_LITERAL_NULL_CONVERSION = YES;
				CLANG_WARN_OBJC_IMPLICIT_RETAIN_SELF = YES;
				CLANG_WARN_OBJC_LITERAL_CONVERSION = YES;
				CLANG_WARN_OBJC_ROOT_CLASS = YES_ERROR;
				CLANG_WARN_QUOTED_INCLUDE_IN_FRAMEWORK_HEADER = YES;
				CLANG_WARN_RANGE_LOOP_ANALYSIS = YES;
				CLANG_WARN_STRICT_PROTOTYPES = YES;
				CLANG_WARN_SUSPICIOUS_MOVE = YES;
				CLANG_WARN_UNGUARDED_AVAILABILITY = YES_AGGRESSIVE;
				CLANG_WARN_UNREACHABLE_CODE = YES;
				CLANG_WARN__DUPLICATE_METHOD_MATCH = YES;
				COPY_PHASE_STRIP = NO;
				DEBUG_INFORMATION_FORMAT = dwarf;
				ENABLE_STRICT_OBJC_MSGSEND = YES;
				ENABLE_TESTABILITY = YES;
				ENABLE_USER_SCRIPT_SANDBOXING = YES;
				GCC_C_LANGUAGE_STANDARD = gnu17;
				GCC_DYNAMIC_NO_PIC = NO;
				GCC_NO_COMMON_BLOCKS = YES;
				GCC_OPTIMIZATION_LEVEL = 0;
				GCC_PREPROCESSOR_DEFINITIONS = (
					"DEBUG=1",
					"$(inherited)",
				);
				GCC_WARN_64_TO_32_BIT_CONVERSION = YES;
				GCC_WARN_ABOUT_RETURN_TYPE = YES_ERROR;
				GCC_WARN_UNDECLARED_SELECTOR = YES;
				GCC_WARN_UNINITIALIZED_AUTOS = YES_AGGRESSIVE;
				GCC_WARN_UNUSED_FUNCTION = YES;
				GCC_WARN_UNUSED_VARIABLE = YES;
				IPHONEOS_DEPLOYMENT_TARGET = 18.2;
				LOCALIZATION_PREFERS_STRING_CATALOGS = YES;
				MTL_ENABLE_DEBUG_INFO = INCLUDE_SOURCE;
				MTL_FAST_MATH = YES;
				ONLY_ACTIVE_ARCH = YES;
				SDKROOT = iphoneos;
				SWIFT_ACTIVE_COMPILATION_CONDITIONS = "DEBUG $(inherited)";
				SWIFT_OPTIMIZATION_LEVEL = "-Onone";
			};
			name = Debug;
		};
		001B1B782FAB66660058C2FB /* Release */ = {
			isa = XCBuildConfiguration;
			buildSettings = {
				ALWAYS_SEARCH_USER_PATHS = NO;
				ASSETCATALOG_COMPILER_GENERATE_SWIFT_ASSET_SYMBOL_EXTENSIONS = YES;
				CLANG_ANALYZER_NONNULL = YES;
				CLANG_ANALYZER_NUMBER_OBJECT_CONVERSION = YES_AGGRESSIVE;
				CLANG_CXX_LANGUAGE_STANDARD = "gnu++20";
				CLANG_ENABLE_MODULES = YES;
				CLANG_ENABLE_OBJC_ARC = YES;
				CLANG_ENABLE_OBJC_WEAK = YES;
				CLANG_WARN_BLOCK_CAPTURE_AUTORELEASING = YES;
				CLANG_WARN_BOOL_CONVERSION = YES;
				CLANG_WARN_COMMA = YES;
				CLANG_WARN_CONSTANT_CONVERSION = YES;
				CLANG_WARN_DEPRECATED_OBJC_IMPLEMENTATIONS = YES;
				CLANG_WARN_DIRECT_OBJC_ISA_USAGE = YES_ERROR;
				CLANG_WARN_DOCUMENTATION_COMMENTS = YES;
				CLANG_WARN_EMPTY_BODY = YES;
				CLANG_WARN_ENUM_CONVERSION = YES;
				CLANG_WARN_INFINITE_RECURSION = YES;
				CLANG_WARN_INT_CONVERSION = YES;
				CLANG_WARN_NON_LITERAL_NULL_CONVERSION = YES;
				CLANG_WARN_OBJC_IMPLICIT_RETAIN_SELF = YES;
				CLANG_WARN_OBJC_LITERAL_CONVERSION = YES;
				CLANG_WARN_OBJC_ROOT_CLASS = YES_ERROR;
				CLANG_WARN_QUOTED_INCLUDE_IN_FRAMEWORK_HEADER = YES;
				CLANG_WARN_RANGE_LOOP_ANALYSIS = YES;
				CLANG_WARN_STRICT_PROTOTYPES = YES;
				CLANG_WARN_SUSPICIOUS_MOVE = YES;
				CLANG_WARN_UNGUARDED_AVAILABILITY = YES_AGGRESSIVE;
				CLANG_WARN_UNREACHABLE_CODE = YES;
				CLANG_WARN__DUPLICATE_METHOD_MATCH = YES;
				COPY_PHASE_STRIP = NO;
				DEBUG_INFORMATION_FORMAT = "dwarf-with-dsym";
				ENABLE_NS_ASSERTIONS = NO;
				ENABLE_STRICT_OBJC_MSGSEND = YES;
				ENABLE_USER_SCRIPT_SANDBOXING = YES;
				GCC_C_LANGUAGE_STANDARD = gnu17;
				GCC_NO_COMMON_BLOCKS = YES;
				GCC_WARN_64_TO_32_BIT_CONVERSION = YES;
				GCC_WARN_ABOUT_RETURN_TYPE = YES_ERROR;
				GCC_WARN_UNDECLARED_SELECTOR = YES;
				GCC_WARN_UNINITIALIZED_AUTOS = YES_AGGRESSIVE;
				GCC_WARN_UNUSED_FUNCTION = YES;
				GCC_WARN_UNUSED_VARIABLE = YES;
				IPHONEOS_DEPLOYMENT_TARGET = 18.2;
				LOCALIZATION_PREFERS_STRING_CATALOGS = YES;
				MTL_ENABLE_DEBUG_INFO = NO;
				MTL_FAST_MATH = YES;
				SDKROOT = iphoneos;
				SWIFT_COMPILATION_MODE = wholemodule;
				VALIDATE_PRODUCT = YES;
			};
			name = Release;
		};
		001B1B7A2FAB66660058C2FB /* Debug */ = {
			isa = XCBuildConfiguration;
			buildSettings = {
				BUNDLE_LOADER = "$(TEST_HOST)";
				CODE_SIGN_STYLE = Automatic;
				CURRENT_PROJECT_VERSION = 1;
				GENERATE_INFOPLIST_FILE = YES;
				IPHONEOS_DEPLOYMENT_TARGET = 18.2;
				MARKETING_VERSION = 1.0;
				PRODUCT_BUNDLE_IDENTIFIER = com.Drudotstech.BeanSavingsTests;
				PRODUCT_NAME = "$(TARGET_NAME)";
				SWIFT_EMIT_LOC_STRINGS = NO;
				SWIFT_VERSION = 5.0;
				TARGETED_DEVICE_FAMILY = "1,2";
				TEST_HOST = "$(BUILT_PRODUCTS_DIR)/BeanSavings.app/$(BUNDLE_EXECUTABLE_FOLDER_PATH)/BeanSavings";
			};
			name = Debug;
		};
		001B1B7B2FAB66660058C2FB /* Release */ = {
			isa = XCBuildConfiguration;
			buildSettings = {
				BUNDLE_LOADER = "$(TEST_HOST)";
				CODE_SIGN_STYLE = Automatic;
				CURRENT_PROJECT_VERSION = 1;
				GENERATE_INFOPLIST_FILE = YES;
				IPHONEOS_DEPLOYMENT_TARGET = 18.2;
				MARKETING_VERSION = 1.0;
				PRODUCT_BUNDLE_IDENTIFIER = com.Drudotstech.BeanSavingsTests;
				PRODUCT_NAME = "$(TARGET_NAME)";
				SWIFT_EMIT_LOC_STRINGS = NO;
				SWIFT_VERSION = 5.0;
				TARGETED_DEVICE_FAMILY = "1,2";
				TEST_HOST = "$(BUILT_PRODUCTS_DIR)/BeanSavings.app/$(BUNDLE_EXECUTABLE_FOLDER_PATH)/BeanSavings";
			};
			name = Release;
		};
		001B1B7D2FAB66660058C2FB /* Debug */ = {
			isa = XCBuildConfiguration;
			buildSettings = {
				CODE_SIGN_STYLE = Automatic;
				CURRENT_PROJECT_VERSION = 1;
				GENERATE_INFOPLIST_FILE = YES;
				MARKETING_VERSION = 1.0;
				PRODUCT_BUNDLE_IDENTIFIER = com.Drudotstech.BeanSavingsUITests;
				PRODUCT_NAME = "$(TARGET_NAME)";
				SWIFT_EMIT_LOC_STRINGS = NO;
				SWIFT_VERSION = 5.0;
				TARGETED_DEVICE_FAMILY = "1,2";
				TEST_TARGET_NAME = BeanSavings;
			};
			name = Debug;
		};
		001B1B7E2FAB66660058C2FB /* Release */ = {
			isa = XCBuildConfiguration;
			buildSettings = {
				CODE_SIGN_STYLE = Automatic;
				CURRENT_PROJECT_VERSION = 1;
				GENERATE_INFOPLIST_FILE = YES;
				MARKETING_VERSION = 1.0;
				PRODUCT_BUNDLE_IDENTIFIER = com.Drudotstech.BeanSavingsUITests;
				PRODUCT_NAME = "$(TARGET_NAME)";
				SWIFT_EMIT_LOC_STRINGS = NO;
				SWIFT_VERSION = 5.0;
				TARGETED_DEVICE_FAMILY = "1,2";
				TEST_TARGET_NAME = BeanSavings;
			};
			name = Release;
		};
/* End XCBuildConfiguration section */

/* Begin XCConfigurationList section */
		001B1B432FAB66630058C2FB /* Build configuration list for PBXProject "BeanSavings" */ = {
			isa = XCConfigurationList;
			buildConfigurations = (
				001B1B772FAB66660058C2FB /* Debug */,
				001B1B782FAB66660058C2FB /* Release */,
			);
			defaultConfigurationIsVisible = 0;
			defaultConfigurationName = Release;
		};
		001B1B742FAB66660058C2FB /* Build configuration list for PBXNativeTarget "BeanSavings" */ = {
			isa = XCConfigurationList;
			buildConfigurations = (
				001B1B752FAB66660058C2FB /* Debug */,
				001B1B762FAB66660058C2FB /* Release */,
			);
			defaultConfigurationIsVisible = 0;
			defaultConfigurationName = Release;
		};
		001B1B792FAB66660058C2FB /* Build configuration list for PBXNativeTarget "BeanSavingsTests" */ = {
			isa = XCConfigurationList;
			buildConfigurations = (
				001B1B7A2FAB66660058C2FB /* Debug */,
				001B1B7B2FAB66660058C2FB /* Release */,
			);
			defaultConfigurationIsVisible = 0;
			defaultConfigurationName = Release;
		};
		001B1B7C2FAB66660058C2FB /* Build configuration list for PBXNativeTarget "BeanSavingsUITests" */ = {
			isa = XCConfigurationList;
			buildConfigurations = (
				001B1B7D2FAB66660058C2FB /* Debug */,
				001B1B7E2FAB66660058C2FB /* Release */,
			);
			defaultConfigurationIsVisible = 0;
			defaultConfigurationName = Release;
		};
/* End XCConfigurationList section */
	};
	rootObject = 001B1B402FAB66630058C2FB /* Project object */;
}
